
Microsoft Visual Studio Solution File, Format Version 12.00
# Visual Studio Version 17
VisualStudioVersion = 17.8.34525.116
MinimumVisualStudioVersion = 10.0.40219.1
Project("{FAE04EC0-301F-11D3-BF4B-00C04F79EFBC}") = "iot-services", "iot-services\iot-services.csproj", "{1264C3A7-8F8A-4D88-B82C-E456B2669B38}"
EndProject
Project("{FAE04EC0-301F-11D3-BF4B-00C04F79EFBC}") = "iot-services-test", "iot-services-test\iot-services-test.csproj", "{73FC2296-77E4-489A-B589-CB520C98702F}"
EndProject
Global
	GlobalSection(SolutionConfigurationPlatforms) = preSolution
		Debug|Any CPU = Debug|Any CPU
		Release|Any CPU = Release|Any CPU
	EndGlobalSection
	GlobalSection(ProjectConfigurationPlatforms) = postSolution
		{1264C3A7-8F8A-4D88-B82C-E456B2669B38}.Debug|Any CPU.ActiveCfg = Debug|Any CPU
		{1264C3A7-8F8A-4D88-B82C-E456B2669B38}.Debug|Any CPU.Build.0 = Debug|Any CPU
		{1264C3A7-8F8A-4D88-B82C-E456B2669B38}.Release|Any CPU.ActiveCfg = Release|Any CPU
		{1264C3A7-8F8A-4D88-B82C-E456B2669B38}.Release|Any CPU.Build.0 = Release|Any CPU
		{73FC2296-77E4-489A-B589-CB520C98702F}.Debug|Any CPU.ActiveCfg = Debug|Any CPU
		{73FC2296-77E4-489A-B589-CB520C98702F}.Debug|Any CPU.Build.0 = Debug|Any CPU
		{73FC2296-77E4-489A-B589-CB520C98702F}.Release|Any CPU.ActiveCfg = Release|Any CPU
		{73FC2296-77E4-489A-B589-CB520C98702F}.Release|Any CPU.Build.0 = Release|Any CPU
	EndGlobalSection
	GlobalSection(SolutionProperties) = preSolution
		HideSolutionNode = FALSE
	EndGlobalSection
	GlobalSection(ExtensibilityGlobals) = postSolution
		SolutionGuid = {AF52A9A1-EB17-4CD6-A3C2-75DBF9E27A38}
	EndGlobalSection
EndGlobal
